
Microsoft Visual Studio Solution File, Format Version 12.00
# Visual Studio Version 16
VisualStudioVersion = 16.0.29306.81
MinimumVisualStudioVersion = 10.0.40219.1
Project("{FAE04EC0-301F-11D3-BF4B-00C04F79EFBC}") = "AlgorithmPractice", "AlgorithmPractice\AlgorithmPractice.csproj", "{572F4C3A-1C5F-4D62-820F-CDEBB8482ECE}"
EndProject
Global
	GlobalSection(SolutionConfigurationPlatforms) = preSolution
		Debug|Any CPU = Debug|Any CPU
		Release|Any CPU = Release|Any CPU
	EndGlobalSection
	GlobalSection(ProjectConfigurationPlatforms) = postSolution
		{572F4C3A-1C5F-4D62-820F-CDEBB8482ECE}.Debug|Any CPU.ActiveCfg = Debug|Any CPU
		{572F4C3A-1C5F-4D62-820F-CDEBB8482ECE}.Debug|Any CPU.Build.0 = Debug|Any CPU
		{572F4C3A-1C5F-4D62-820F-CDEBB8482ECE}.Release|Any CPU.ActiveCfg = Release|Any CPU
		{572F4C3A-1C5F-4D62-820F-CDEBB8482ECE}.Release|Any CPU.Build.0 = Release|Any CPU
	EndGlobalSection
	GlobalSection(SolutionProperties) = preSolution
		HideSolutionNode = FALSE
	EndGlobalSection
	GlobalSection(ExtensibilityGlobals) = postSolution
		SolutionGuid = {B8DAA483-4D37-4E3E-94F5-292BC7BF4B47}
	EndGlobalSection
EndGlobal
